
Microsoft Visual Studio Solution File, Format Version 12.00
# Visual Studio Version 17
VisualStudioVersion = 17.8.34330.188
MinimumVisualStudioVersion = 10.0.40219.1
Project("{FAE04EC0-301F-11D3-BF4B-00C04F79EFBC}") = "calculator", "calculator.csproj", "{2A39DE55-0099-4FE5-9210-59CCBD835769}"
EndProject
Global
	GlobalSection(SolutionConfigurationPlatforms) = preSolution
		Debug|Any CPU = Debug|Any CPU
		Release|Any CPU = Release|Any CPU
	EndGlobalSection
	GlobalSection(ProjectConfigurationPlatforms) = postSolution
		{2A39DE55-0099-4FE5-9210-59CCBD835769}.Debug|Any CPU.ActiveCfg = Debug|Any CPU
		{2A39DE55-0099-4FE5-9210-59CCBD835769}.Debug|Any CPU.Build.0 = Debug|Any CPU
		{2A39DE55-0099-4FE5-9210-59CCBD835769}.Release|Any CPU.ActiveCfg = Release|Any CPU
		{2A39DE55-0099-4FE5-9210-59CCBD835769}.Release|Any CPU.Build.0 = Release|Any CPU
	EndGlobalSection
	GlobalSection(SolutionProperties) = preSolution
		HideSolutionNode = FALSE
	EndGlobalSection
	GlobalSection(ExtensibilityGlobals) = postSolution
		SolutionGuid = {E461B8D8-0ED6-44ED-A5B6-4F10916AD2AC}
	EndGlobalSection
EndGlobal
